
Microsoft Visual Studio Solution File, Format Version 12.00
Project("{FAE04EC0-301F-11D3-BF4B-00C04F79EFBC}") = "Count_Chars_in_a_String 01", "Count_Chars_in_a_String 01.csproj", "{D1765D31-3853-4ACC-96B7-AFC448CC05F8}"
EndProject
Global
	GlobalSection(SolutionConfigurationPlatforms) = preSolution
		Debug|Any CPU = Debug|Any CPU
		Release|Any CPU = Release|Any CPU
	EndGlobalSection
	GlobalSection(ProjectConfigurationPlatforms) = postSolution
		{D1765D31-3853-4ACC-96B7-AFC448CC05F8}.Debug|Any CPU.ActiveCfg = Debug|Any CPU
		{D1765D31-3853-4ACC-96B7-AFC448CC05F8}.Debug|Any CPU.Build.0 = Debug|Any CPU
		{D1765D31-3853-4ACC-96B7-AFC448CC05F8}.Release|Any CPU.ActiveCfg = Release|Any CPU
		{D1765D31-3853-4ACC-96B7-AFC448CC05F8}.Release|Any CPU.Build.0 = Release|Any CPU
	EndGlobalSection
EndGlobal
