
Microsoft Visual Studio Solution File, Format Version 12.00
Project("{FAE04EC0-301F-11D3-BF4B-00C04F79EFBC}") = "Cards_Game 06", "Cards_Game 06.csproj", "{7DEBC5AC-611D-412A-BA2B-EA0D270C4645}"
EndProject
Global
	GlobalSection(SolutionConfigurationPlatforms) = preSolution
		Debug|Any CPU = Debug|Any CPU
		Release|Any CPU = Release|Any CPU
	EndGlobalSection
	GlobalSection(ProjectConfigurationPlatforms) = postSolution
		{7DEBC5AC-611D-412A-BA2B-EA0D270C4645}.Debug|Any CPU.ActiveCfg = Debug|Any CPU
		{7DEBC5AC-611D-412A-BA2B-EA0D270C4645}.Debug|Any CPU.Build.0 = Debug|Any CPU
		{7DEBC5AC-611D-412A-BA2B-EA0D270C4645}.Release|Any CPU.ActiveCfg = Release|Any CPU
		{7DEBC5AC-611D-412A-BA2B-EA0D270C4645}.Release|Any CPU.Build.0 = Release|Any CPU
	EndGlobalSection
EndGlobal
