
Microsoft Visual Studio Solution File, Format Version 12.00
Project("{FAE04EC0-301F-11D3-BF4B-00C04F79EFBC}") = "Vacation 03", "Vacation 03.csproj", "{F68796D9-09D0-4A75-A5AD-5570F3E75EC8}"
EndProject
Global
	GlobalSection(SolutionConfigurationPlatforms) = preSolution
		Debug|Any CPU = Debug|Any CPU
		Release|Any CPU = Release|Any CPU
	EndGlobalSection
	GlobalSection(ProjectConfigurationPlatforms) = postSolution
		{F68796D9-09D0-4A75-A5AD-5570F3E75EC8}.Debug|Any CPU.ActiveCfg = Debug|Any CPU
		{F68796D9-09D0-4A75-A5AD-5570F3E75EC8}.Debug|Any CPU.Build.0 = Debug|Any CPU
		{F68796D9-09D0-4A75-A5AD-5570F3E75EC8}.Release|Any CPU.ActiveCfg = Release|Any CPU
		{F68796D9-09D0-4A75-A5AD-5570F3E75EC8}.Release|Any CPU.Build.0 = Release|Any CPU
	EndGlobalSection
EndGlobal
