
Microsoft Visual Studio Solution File, Format Version 12.00
Project("{FAE04EC0-301F-11D3-BF4B-00C04F79EFBC}") = "Counter_Strike 01", "Counter_Strike 01.csproj", "{EB78CF57-1202-4567-A838-DA211E26AB38}"
EndProject
Global
	GlobalSection(SolutionConfigurationPlatforms) = preSolution
		Debug|Any CPU = Debug|Any CPU
		Release|Any CPU = Release|Any CPU
	EndGlobalSection
	GlobalSection(ProjectConfigurationPlatforms) = postSolution
		{EB78CF57-1202-4567-A838-DA211E26AB38}.Debug|Any CPU.ActiveCfg = Debug|Any CPU
		{EB78CF57-1202-4567-A838-DA211E26AB38}.Debug|Any CPU.Build.0 = Debug|Any CPU
		{EB78CF57-1202-4567-A838-DA211E26AB38}.Release|Any CPU.ActiveCfg = Release|Any CPU
		{EB78CF57-1202-4567-A838-DA211E26AB38}.Release|Any CPU.Build.0 = Release|Any CPU
	EndGlobalSection
EndGlobal
