
Microsoft Visual Studio Solution File, Format Version 12.00
Project("{FAE04EC0-301F-11D3-BF4B-00C04F79EFBC}") = "MultiplicationSign 05", "MultiplicationSign 05.csproj", "{B51A13D1-4471-4CBE-BD48-5F9D80E36BD5}"
EndProject
Global
	GlobalSection(SolutionConfigurationPlatforms) = preSolution
		Debug|Any CPU = Debug|Any CPU
		Release|Any CPU = Release|Any CPU
	EndGlobalSection
	GlobalSection(ProjectConfigurationPlatforms) = postSolution
		{B51A13D1-4471-4CBE-BD48-5F9D80E36BD5}.Debug|Any CPU.ActiveCfg = Debug|Any CPU
		{B51A13D1-4471-4CBE-BD48-5F9D80E36BD5}.Debug|Any CPU.Build.0 = Debug|Any CPU
		{B51A13D1-4471-4CBE-BD48-5F9D80E36BD5}.Release|Any CPU.ActiveCfg = Release|Any CPU
		{B51A13D1-4471-4CBE-BD48-5F9D80E36BD5}.Release|Any CPU.Build.0 = Release|Any CPU
	EndGlobalSection
EndGlobal
