
Microsoft Visual Studio Solution File, Format Version 12.00
Project("{FAE04EC0-301F-11D3-BF4B-00C04F79EFBC}") = "Top_Number 10", "Top_Number 10.csproj", "{2EB750D5-18A8-48EA-B796-0710E6DA687D}"
EndProject
Global
	GlobalSection(SolutionConfigurationPlatforms) = preSolution
		Debug|Any CPU = Debug|Any CPU
		Release|Any CPU = Release|Any CPU
	EndGlobalSection
	GlobalSection(ProjectConfigurationPlatforms) = postSolution
		{2EB750D5-18A8-48EA-B796-0710E6DA687D}.Debug|Any CPU.ActiveCfg = Debug|Any CPU
		{2EB750D5-18A8-48EA-B796-0710E6DA687D}.Debug|Any CPU.Build.0 = Debug|Any CPU
		{2EB750D5-18A8-48EA-B796-0710E6DA687D}.Release|Any CPU.ActiveCfg = Release|Any CPU
		{2EB750D5-18A8-48EA-B796-0710E6DA687D}.Release|Any CPU.Build.0 = Release|Any CPU
	EndGlobalSection
EndGlobal
