
Microsoft Visual Studio Solution File, Format Version 12.00
Project("{FAE04EC0-301F-11D3-BF4B-00C04F79EFBC}") = "Train 01", "Train 01.csproj", "{10DFA1B0-76D3-436D-AA8E-B04166F6BC3F}"
EndProject
Global
	GlobalSection(SolutionConfigurationPlatforms) = preSolution
		Debug|Any CPU = Debug|Any CPU
		Release|Any CPU = Release|Any CPU
	EndGlobalSection
	GlobalSection(ProjectConfigurationPlatforms) = postSolution
		{10DFA1B0-76D3-436D-AA8E-B04166F6BC3F}.Debug|Any CPU.ActiveCfg = Debug|Any CPU
		{10DFA1B0-76D3-436D-AA8E-B04166F6BC3F}.Debug|Any CPU.Build.0 = Debug|Any CPU
		{10DFA1B0-76D3-436D-AA8E-B04166F6BC3F}.Release|Any CPU.ActiveCfg = Release|Any CPU
		{10DFA1B0-76D3-436D-AA8E-B04166F6BC3F}.Release|Any CPU.Build.0 = Release|Any CPU
	EndGlobalSection
EndGlobal
