
Microsoft Visual Studio Solution File, Format Version 12.00
Project("{FAE04EC0-301F-11D3-BF4B-00C04F79EFBC}") = "ReplaceRepeatingChars06", "ReplaceRepeatingChars06.csproj", "{194A241F-4320-4C7B-8170-8F9550F491AD}"
EndProject
Global
	GlobalSection(SolutionConfigurationPlatforms) = preSolution
		Debug|Any CPU = Debug|Any CPU
		Release|Any CPU = Release|Any CPU
	EndGlobalSection
	GlobalSection(ProjectConfigurationPlatforms) = postSolution
		{194A241F-4320-4C7B-8170-8F9550F491AD}.Debug|Any CPU.ActiveCfg = Debug|Any CPU
		{194A241F-4320-4C7B-8170-8F9550F491AD}.Debug|Any CPU.Build.0 = Debug|Any CPU
		{194A241F-4320-4C7B-8170-8F9550F491AD}.Release|Any CPU.ActiveCfg = Release|Any CPU
		{194A241F-4320-4C7B-8170-8F9550F491AD}.Release|Any CPU.Build.0 = Release|Any CPU
	EndGlobalSection
EndGlobal
