
Microsoft Visual Studio Solution File, Format Version 12.00
Project("{FAE04EC0-301F-11D3-BF4B-00C04F79EFBC}") = "Magic_Sum 08", "Magic_Sum 08.csproj", "{CBDFFDFD-1F65-430A-97A2-1627F073DF5C}"
EndProject
Global
	GlobalSection(SolutionConfigurationPlatforms) = preSolution
		Debug|Any CPU = Debug|Any CPU
		Release|Any CPU = Release|Any CPU
	EndGlobalSection
	GlobalSection(ProjectConfigurationPlatforms) = postSolution
		{CBDFFDFD-1F65-430A-97A2-1627F073DF5C}.Debug|Any CPU.ActiveCfg = Debug|Any CPU
		{CBDFFDFD-1F65-430A-97A2-1627F073DF5C}.Debug|Any CPU.Build.0 = Debug|Any CPU
		{CBDFFDFD-1F65-430A-97A2-1627F073DF5C}.Release|Any CPU.ActiveCfg = Release|Any CPU
		{CBDFFDFD-1F65-430A-97A2-1627F073DF5C}.Release|Any CPU.Build.0 = Release|Any CPU
	EndGlobalSection
EndGlobal
