
Microsoft Visual Studio Solution File, Format Version 12.00
Project("{FAE04EC0-301F-11D3-BF4B-00C04F79EFBC}") = "MuOnline_02", "MuOnline_02.csproj", "{B2823F47-E27B-43DC-8B2C-24FA1E2DB304}"
EndProject
Global
	GlobalSection(SolutionConfigurationPlatforms) = preSolution
		Debug|Any CPU = Debug|Any CPU
		Release|Any CPU = Release|Any CPU
	EndGlobalSection
	GlobalSection(ProjectConfigurationPlatforms) = postSolution
		{B2823F47-E27B-43DC-8B2C-24FA1E2DB304}.Debug|Any CPU.ActiveCfg = Debug|Any CPU
		{B2823F47-E27B-43DC-8B2C-24FA1E2DB304}.Debug|Any CPU.Build.0 = Debug|Any CPU
		{B2823F47-E27B-43DC-8B2C-24FA1E2DB304}.Release|Any CPU.ActiveCfg = Release|Any CPU
		{B2823F47-E27B-43DC-8B2C-24FA1E2DB304}.Release|Any CPU.Build.0 = Release|Any CPU
	EndGlobalSection
EndGlobal
