
Microsoft Visual Studio Solution File, Format Version 12.00
Project("{FAE04EC0-301F-11D3-BF4B-00C04F79EFBC}") = "PersonInfo", "PersonInfo\PersonInfo.csproj", "{8674C9D0-720B-4B28-83AA-B7F96263030B}"
EndProject
Global
	GlobalSection(SolutionConfigurationPlatforms) = preSolution
		Debug|Any CPU = Debug|Any CPU
		Release|Any CPU = Release|Any CPU
	EndGlobalSection
	GlobalSection(ProjectConfigurationPlatforms) = postSolution
		{8674C9D0-720B-4B28-83AA-B7F96263030B}.Debug|Any CPU.ActiveCfg = Debug|Any CPU
		{8674C9D0-720B-4B28-83AA-B7F96263030B}.Debug|Any CPU.Build.0 = Debug|Any CPU
		{8674C9D0-720B-4B28-83AA-B7F96263030B}.Release|Any CPU.ActiveCfg = Release|Any CPU
		{8674C9D0-720B-4B28-83AA-B7F96263030B}.Release|Any CPU.Build.0 = Release|Any CPU
	EndGlobalSection
EndGlobal
