
Microsoft Visual Studio Solution File, Format Version 12.00
Project("{FAE04EC0-301F-11D3-BF4B-00C04F79EFBC}") = "PersonInfo", "PersonInfo\PersonInfo.csproj", "{8674C9D0-720B-4B28-83AA-B7F96263030B}"
EndProject
Project("{FAE04EC0-301F-11D3-BF4B-00C04F79EFBC}") = "Telephony", "Telephony\Telephony.csproj", "{58E79CA2-1AD8-4E3D-BFAC-AC6259A355C7}"
EndProject
Project("{FAE04EC0-301F-11D3-BF4B-00C04F79EFBC}") = "BorderControl", "BorderControl\BorderControl.csproj", "{5D252655-545B-4374-92BC-031AEEC235DF}"
EndProject
Project("{FAE04EC0-301F-11D3-BF4B-00C04F79EFBC}") = "BirthdayCelebrations", "BirthdayCelebrations\BirthdayCelebrations.csproj", "{F7B48088-68E0-4A62-B6DE-9EC80233E3A0}"
EndProject
Global
	GlobalSection(SolutionConfigurationPlatforms) = preSolution
		Debug|Any CPU = Debug|Any CPU
		Release|Any CPU = Release|Any CPU
	EndGlobalSection
	GlobalSection(ProjectConfigurationPlatforms) = postSolution
		{8674C9D0-720B-4B28-83AA-B7F96263030B}.Debug|Any CPU.ActiveCfg = Debug|Any CPU
		{8674C9D0-720B-4B28-83AA-B7F96263030B}.Debug|Any CPU.Build.0 = Debug|Any CPU
		{8674C9D0-720B-4B28-83AA-B7F96263030B}.Release|Any CPU.ActiveCfg = Release|Any CPU
		{8674C9D0-720B-4B28-83AA-B7F96263030B}.Release|Any CPU.Build.0 = Release|Any CPU
		{58E79CA2-1AD8-4E3D-BFAC-AC6259A355C7}.Debug|Any CPU.ActiveCfg = Debug|Any CPU
		{58E79CA2-1AD8-4E3D-BFAC-AC6259A355C7}.Debug|Any CPU.Build.0 = Debug|Any CPU
		{58E79CA2-1AD8-4E3D-BFAC-AC6259A355C7}.Release|Any CPU.ActiveCfg = Release|Any CPU
		{58E79CA2-1AD8-4E3D-BFAC-AC6259A355C7}.Release|Any CPU.Build.0 = Release|Any CPU
		{5D252655-545B-4374-92BC-031AEEC235DF}.Debug|Any CPU.ActiveCfg = Debug|Any CPU
		{5D252655-545B-4374-92BC-031AEEC235DF}.Debug|Any CPU.Build.0 = Debug|Any CPU
		{5D252655-545B-4374-92BC-031AEEC235DF}.Release|Any CPU.ActiveCfg = Release|Any CPU
		{5D252655-545B-4374-92BC-031AEEC235DF}.Release|Any CPU.Build.0 = Release|Any CPU
		{F7B48088-68E0-4A62-B6DE-9EC80233E3A0}.Debug|Any CPU.ActiveCfg = Debug|Any CPU
		{F7B48088-68E0-4A62-B6DE-9EC80233E3A0}.Debug|Any CPU.Build.0 = Debug|Any CPU
		{F7B48088-68E0-4A62-B6DE-9EC80233E3A0}.Release|Any CPU.ActiveCfg = Release|Any CPU
		{F7B48088-68E0-4A62-B6DE-9EC80233E3A0}.Release|Any CPU.Build.0 = Release|Any CPU
	EndGlobalSection
EndGlobal
