
Microsoft Visual Studio Solution File, Format Version 12.00
Project("{FAE04EC0-301F-11D3-BF4B-00C04F79EFBC}") = "MirrorWords 02", "MirrorWords 02.csproj", "{E9FA9A38-9794-42B9-A5A0-5C785082EB23}"
EndProject
Global
	GlobalSection(SolutionConfigurationPlatforms) = preSolution
		Debug|Any CPU = Debug|Any CPU
		Release|Any CPU = Release|Any CPU
	EndGlobalSection
	GlobalSection(ProjectConfigurationPlatforms) = postSolution
		{E9FA9A38-9794-42B9-A5A0-5C785082EB23}.Debug|Any CPU.ActiveCfg = Debug|Any CPU
		{E9FA9A38-9794-42B9-A5A0-5C785082EB23}.Debug|Any CPU.Build.0 = Debug|Any CPU
		{E9FA9A38-9794-42B9-A5A0-5C785082EB23}.Release|Any CPU.ActiveCfg = Release|Any CPU
		{E9FA9A38-9794-42B9-A5A0-5C785082EB23}.Release|Any CPU.Build.0 = Release|Any CPU
	EndGlobalSection
EndGlobal
