
Microsoft Visual Studio Solution File, Format Version 12.00
Project("{FAE04EC0-301F-11D3-BF4B-00C04F79EFBC}") = "PlantDiscovery 03", "PlantDiscovery 03.csproj", "{3C6FB94C-B5BF-4322-94E7-3A545071A470}"
EndProject
Global
	GlobalSection(SolutionConfigurationPlatforms) = preSolution
		Debug|Any CPU = Debug|Any CPU
		Release|Any CPU = Release|Any CPU
	EndGlobalSection
	GlobalSection(ProjectConfigurationPlatforms) = postSolution
		{3C6FB94C-B5BF-4322-94E7-3A545071A470}.Debug|Any CPU.ActiveCfg = Debug|Any CPU
		{3C6FB94C-B5BF-4322-94E7-3A545071A470}.Debug|Any CPU.Build.0 = Debug|Any CPU
		{3C6FB94C-B5BF-4322-94E7-3A545071A470}.Release|Any CPU.ActiveCfg = Release|Any CPU
		{3C6FB94C-B5BF-4322-94E7-3A545071A470}.Release|Any CPU.Build.0 = Release|Any CPU
	EndGlobalSection
EndGlobal
