
Microsoft Visual Studio Solution File, Format Version 12.00
Project("{FAE04EC0-301F-11D3-BF4B-00C04F79EFBC}") = "PasswordReset01", "PasswordReset01.csproj", "{7ABF2F30-F996-4C95-9881-DFFE96223E14}"
EndProject
Global
	GlobalSection(SolutionConfigurationPlatforms) = preSolution
		Debug|Any CPU = Debug|Any CPU
		Release|Any CPU = Release|Any CPU
	EndGlobalSection
	GlobalSection(ProjectConfigurationPlatforms) = postSolution
		{7ABF2F30-F996-4C95-9881-DFFE96223E14}.Debug|Any CPU.ActiveCfg = Debug|Any CPU
		{7ABF2F30-F996-4C95-9881-DFFE96223E14}.Debug|Any CPU.Build.0 = Debug|Any CPU
		{7ABF2F30-F996-4C95-9881-DFFE96223E14}.Release|Any CPU.ActiveCfg = Release|Any CPU
		{7ABF2F30-F996-4C95-9881-DFFE96223E14}.Release|Any CPU.Build.0 = Release|Any CPU
	EndGlobalSection
EndGlobal
