
Microsoft Visual Studio Solution File, Format Version 12.00
Project("{FAE04EC0-301F-11D3-BF4B-00C04F79EFBC}") = "Ages 01", "Ages 01.csproj", "{1322A226-DCF6-440F-9204-4B7441564320}"
EndProject
Global
	GlobalSection(SolutionConfigurationPlatforms) = preSolution
		Debug|Any CPU = Debug|Any CPU
		Release|Any CPU = Release|Any CPU
	EndGlobalSection
	GlobalSection(ProjectConfigurationPlatforms) = postSolution
		{1322A226-DCF6-440F-9204-4B7441564320}.Debug|Any CPU.ActiveCfg = Debug|Any CPU
		{1322A226-DCF6-440F-9204-4B7441564320}.Debug|Any CPU.Build.0 = Debug|Any CPU
		{1322A226-DCF6-440F-9204-4B7441564320}.Release|Any CPU.ActiveCfg = Release|Any CPU
		{1322A226-DCF6-440F-9204-4B7441564320}.Release|Any CPU.Build.0 = Release|Any CPU
	EndGlobalSection
EndGlobal
