
Microsoft Visual Studio Solution File, Format Version 12.00
Project("{FAE04EC0-301F-11D3-BF4B-00C04F79EFBC}") = "Login 05", "Login 05.csproj", "{7595A7F0-4771-4D41-9F42-911ECD365AA4}"
EndProject
Global
	GlobalSection(SolutionConfigurationPlatforms) = preSolution
		Debug|Any CPU = Debug|Any CPU
		Release|Any CPU = Release|Any CPU
	EndGlobalSection
	GlobalSection(ProjectConfigurationPlatforms) = postSolution
		{7595A7F0-4771-4D41-9F42-911ECD365AA4}.Debug|Any CPU.ActiveCfg = Debug|Any CPU
		{7595A7F0-4771-4D41-9F42-911ECD365AA4}.Debug|Any CPU.Build.0 = Debug|Any CPU
		{7595A7F0-4771-4D41-9F42-911ECD365AA4}.Release|Any CPU.ActiveCfg = Release|Any CPU
		{7595A7F0-4771-4D41-9F42-911ECD365AA4}.Release|Any CPU.Build.0 = Release|Any CPU
	EndGlobalSection
EndGlobal
