
Microsoft Visual Studio Solution File, Format Version 12.00
Project("{FAE04EC0-301F-11D3-BF4B-00C04F79EFBC}") = "Bee", "Bee.csproj", "{28BB2329-1A51-46C1-9146-AAB056C09C5A}"
EndProject
Global
	GlobalSection(SolutionConfigurationPlatforms) = preSolution
		Debug|Any CPU = Debug|Any CPU
		Release|Any CPU = Release|Any CPU
	EndGlobalSection
	GlobalSection(ProjectConfigurationPlatforms) = postSolution
		{28BB2329-1A51-46C1-9146-AAB056C09C5A}.Debug|Any CPU.ActiveCfg = Debug|Any CPU
		{28BB2329-1A51-46C1-9146-AAB056C09C5A}.Debug|Any CPU.Build.0 = Debug|Any CPU
		{28BB2329-1A51-46C1-9146-AAB056C09C5A}.Release|Any CPU.ActiveCfg = Release|Any CPU
		{28BB2329-1A51-46C1-9146-AAB056C09C5A}.Release|Any CPU.Build.0 = Release|Any CPU
	EndGlobalSection
EndGlobal
