
Microsoft Visual Studio Solution File, Format Version 12.00
Project("{FAE04EC0-301F-11D3-BF4B-00C04F79EFBC}") = "Integer Operations 01", "Integer Operations 01.csproj", "{7C2DBFB2-C8C3-4F63-89C8-83189E02397B}"
EndProject
Global
	GlobalSection(SolutionConfigurationPlatforms) = preSolution
		Debug|Any CPU = Debug|Any CPU
		Release|Any CPU = Release|Any CPU
	EndGlobalSection
	GlobalSection(ProjectConfigurationPlatforms) = postSolution
		{7C2DBFB2-C8C3-4F63-89C8-83189E02397B}.Debug|Any CPU.ActiveCfg = Debug|Any CPU
		{7C2DBFB2-C8C3-4F63-89C8-83189E02397B}.Debug|Any CPU.Build.0 = Debug|Any CPU
		{7C2DBFB2-C8C3-4F63-89C8-83189E02397B}.Release|Any CPU.ActiveCfg = Release|Any CPU
		{7C2DBFB2-C8C3-4F63-89C8-83189E02397B}.Release|Any CPU.Build.0 = Release|Any CPU
	EndGlobalSection
EndGlobal
