
Microsoft Visual Studio Solution File, Format Version 12.00
Project("{FAE04EC0-301F-11D3-BF4B-00C04F79EFBC}") = "Beer_Kegs 08", "Beer_Kegs 08.csproj", "{880762BA-D303-4A52-9FA4-8650C30783B8}"
EndProject
Global
	GlobalSection(SolutionConfigurationPlatforms) = preSolution
		Debug|Any CPU = Debug|Any CPU
		Release|Any CPU = Release|Any CPU
	EndGlobalSection
	GlobalSection(ProjectConfigurationPlatforms) = postSolution
		{880762BA-D303-4A52-9FA4-8650C30783B8}.Debug|Any CPU.ActiveCfg = Debug|Any CPU
		{880762BA-D303-4A52-9FA4-8650C30783B8}.Debug|Any CPU.Build.0 = Debug|Any CPU
		{880762BA-D303-4A52-9FA4-8650C30783B8}.Release|Any CPU.ActiveCfg = Release|Any CPU
		{880762BA-D303-4A52-9FA4-8650C30783B8}.Release|Any CPU.Build.0 = Release|Any CPU
	EndGlobalSection
EndGlobal
