
Microsoft Visual Studio Solution File, Format Version 12.00
Project("{FAE04EC0-301F-11D3-BF4B-00C04F79EFBC}") = "Common_Elements 02", "Common_Elements 02.csproj", "{78E04FE1-4C3D-4A72-90A7-C120E5731015}"
EndProject
Global
	GlobalSection(SolutionConfigurationPlatforms) = preSolution
		Debug|Any CPU = Debug|Any CPU
		Release|Any CPU = Release|Any CPU
	EndGlobalSection
	GlobalSection(ProjectConfigurationPlatforms) = postSolution
		{78E04FE1-4C3D-4A72-90A7-C120E5731015}.Debug|Any CPU.ActiveCfg = Debug|Any CPU
		{78E04FE1-4C3D-4A72-90A7-C120E5731015}.Debug|Any CPU.Build.0 = Debug|Any CPU
		{78E04FE1-4C3D-4A72-90A7-C120E5731015}.Release|Any CPU.ActiveCfg = Release|Any CPU
		{78E04FE1-4C3D-4A72-90A7-C120E5731015}.Release|Any CPU.Build.0 = Release|Any CPU
	EndGlobalSection
EndGlobal
