
Microsoft Visual Studio Solution File, Format Version 12.00
Project("{FAE04EC0-301F-11D3-BF4B-00C04F79EFBC}") = "_01UniqueUsernames", "_01UniqueUsernames\_01UniqueUsernames.csproj", "{5D093DB6-1158-4AA9-9CE9-809F37ACCBED}"
EndProject
Project("{FAE04EC0-301F-11D3-BF4B-00C04F79EFBC}") = "_02SetsOfElements", "_02SetsOfElements\_02SetsOfElements.csproj", "{98FC72A8-B448-412F-9A2A-FEDAEB943361}"
EndProject
Project("{FAE04EC0-301F-11D3-BF4B-00C04F79EFBC}") = "_03PeriodicTable", "_03PeriodicTable\_03PeriodicTable.csproj", "{11A39EDF-02D6-489F-892B-D9795D8036E8}"
EndProject
Project("{FAE04EC0-301F-11D3-BF4B-00C04F79EFBC}") = "_04EvenTimes", "_04EvenTimes\_04EvenTimes.csproj", "{EB7BC90F-C226-4A58-BDA5-2EC27E5D03F4}"
EndProject
Project("{FAE04EC0-301F-11D3-BF4B-00C04F79EFBC}") = "_05CountSymbols", "_05CountSymbols\_05CountSymbols.csproj", "{36F23B39-CFA9-430E-AA3A-366C4075D60C}"
EndProject
Project("{FAE04EC0-301F-11D3-BF4B-00C04F79EFBC}") = "_06Wardrobe", "_06Wardrobe\_06Wardrobe.csproj", "{9F2B37B7-3DB6-4768-9D04-41E5009BD820}"
EndProject
Project("{FAE04EC0-301F-11D3-BF4B-00C04F79EFBC}") = "_07TheV-Logger", "_07TheV-Logger\_07TheV-Logger.csproj", "{8E2DFE41-AE2C-4E05-A70E-52F2D545694F}"
EndProject
Project("{FAE04EC0-301F-11D3-BF4B-00C04F79EFBC}") = "_08Ranking", "_08Ranking\_08Ranking.csproj", "{ED738896-8416-4079-9AA6-263AFF6C2B7E}"
EndProject
Global
	GlobalSection(SolutionConfigurationPlatforms) = preSolution
		Debug|Any CPU = Debug|Any CPU
		Release|Any CPU = Release|Any CPU
	EndGlobalSection
	GlobalSection(ProjectConfigurationPlatforms) = postSolution
		{5D093DB6-1158-4AA9-9CE9-809F37ACCBED}.Debug|Any CPU.ActiveCfg = Debug|Any CPU
		{5D093DB6-1158-4AA9-9CE9-809F37ACCBED}.Debug|Any CPU.Build.0 = Debug|Any CPU
		{5D093DB6-1158-4AA9-9CE9-809F37ACCBED}.Release|Any CPU.ActiveCfg = Release|Any CPU
		{5D093DB6-1158-4AA9-9CE9-809F37ACCBED}.Release|Any CPU.Build.0 = Release|Any CPU
		{98FC72A8-B448-412F-9A2A-FEDAEB943361}.Debug|Any CPU.ActiveCfg = Debug|Any CPU
		{98FC72A8-B448-412F-9A2A-FEDAEB943361}.Debug|Any CPU.Build.0 = Debug|Any CPU
		{98FC72A8-B448-412F-9A2A-FEDAEB943361}.Release|Any CPU.ActiveCfg = Release|Any CPU
		{98FC72A8-B448-412F-9A2A-FEDAEB943361}.Release|Any CPU.Build.0 = Release|Any CPU
		{11A39EDF-02D6-489F-892B-D9795D8036E8}.Debug|Any CPU.ActiveCfg = Debug|Any CPU
		{11A39EDF-02D6-489F-892B-D9795D8036E8}.Debug|Any CPU.Build.0 = Debug|Any CPU
		{11A39EDF-02D6-489F-892B-D9795D8036E8}.Release|Any CPU.ActiveCfg = Release|Any CPU
		{11A39EDF-02D6-489F-892B-D9795D8036E8}.Release|Any CPU.Build.0 = Release|Any CPU
		{EB7BC90F-C226-4A58-BDA5-2EC27E5D03F4}.Debug|Any CPU.ActiveCfg = Debug|Any CPU
		{EB7BC90F-C226-4A58-BDA5-2EC27E5D03F4}.Debug|Any CPU.Build.0 = Debug|Any CPU
		{EB7BC90F-C226-4A58-BDA5-2EC27E5D03F4}.Release|Any CPU.ActiveCfg = Release|Any CPU
		{EB7BC90F-C226-4A58-BDA5-2EC27E5D03F4}.Release|Any CPU.Build.0 = Release|Any CPU
		{36F23B39-CFA9-430E-AA3A-366C4075D60C}.Debug|Any CPU.ActiveCfg = Debug|Any CPU
		{36F23B39-CFA9-430E-AA3A-366C4075D60C}.Debug|Any CPU.Build.0 = Debug|Any CPU
		{36F23B39-CFA9-430E-AA3A-366C4075D60C}.Release|Any CPU.ActiveCfg = Release|Any CPU
		{36F23B39-CFA9-430E-AA3A-366C4075D60C}.Release|Any CPU.Build.0 = Release|Any CPU
		{9F2B37B7-3DB6-4768-9D04-41E5009BD820}.Debug|Any CPU.ActiveCfg = Debug|Any CPU
		{9F2B37B7-3DB6-4768-9D04-41E5009BD820}.Debug|Any CPU.Build.0 = Debug|Any CPU
		{9F2B37B7-3DB6-4768-9D04-41E5009BD820}.Release|Any CPU.ActiveCfg = Release|Any CPU
		{9F2B37B7-3DB6-4768-9D04-41E5009BD820}.Release|Any CPU.Build.0 = Release|Any CPU
		{8E2DFE41-AE2C-4E05-A70E-52F2D545694F}.Debug|Any CPU.ActiveCfg = Debug|Any CPU
		{8E2DFE41-AE2C-4E05-A70E-52F2D545694F}.Debug|Any CPU.Build.0 = Debug|Any CPU
		{8E2DFE41-AE2C-4E05-A70E-52F2D545694F}.Release|Any CPU.ActiveCfg = Release|Any CPU
		{8E2DFE41-AE2C-4E05-A70E-52F2D545694F}.Release|Any CPU.Build.0 = Release|Any CPU
		{ED738896-8416-4079-9AA6-263AFF6C2B7E}.Debug|Any CPU.ActiveCfg = Debug|Any CPU
		{ED738896-8416-4079-9AA6-263AFF6C2B7E}.Debug|Any CPU.Build.0 = Debug|Any CPU
		{ED738896-8416-4079-9AA6-263AFF6C2B7E}.Release|Any CPU.ActiveCfg = Release|Any CPU
		{ED738896-8416-4079-9AA6-263AFF6C2B7E}.Release|Any CPU.Build.0 = Release|Any CPU
	EndGlobalSection
EndGlobal
