
Microsoft Visual Studio Solution File, Format Version 12.00
Project("{FAE04EC0-301F-11D3-BF4B-00C04F79EFBC}") = "_01ListyIterator", "_01ListyIterator\_01ListyIterator.csproj", "{E6F74B2A-73CB-4CD6-A027-F2B3AC74A31F}"
EndProject
Project("{FAE04EC0-301F-11D3-BF4B-00C04F79EFBC}") = "_02Collection", "_02Collection\_02Collection.csproj", "{7879CFF4-6A01-4744-BB91-9369A22CC97D}"
EndProject
Project("{FAE04EC0-301F-11D3-BF4B-00C04F79EFBC}") = "_03Stack", "_03Stack\_03Stack.csproj", "{AF8E8478-1A23-4BE8-A5DA-79DD6E0C4AA7}"
EndProject
Project("{FAE04EC0-301F-11D3-BF4B-00C04F79EFBC}") = "_04Froggy", "_04Froggy\_04Froggy.csproj", "{EBDD8B62-1D57-4FE1-AA03-826CB1188447}"
EndProject
Project("{FAE04EC0-301F-11D3-BF4B-00C04F79EFBC}") = "_05ComparingObjects", "_05ComparingObjects\_05ComparingObjects.csproj", "{600F6AEC-8F72-497B-BC25-50090468EF7D}"
EndProject
Global
	GlobalSection(SolutionConfigurationPlatforms) = preSolution
		Debug|Any CPU = Debug|Any CPU
		Release|Any CPU = Release|Any CPU
	EndGlobalSection
	GlobalSection(ProjectConfigurationPlatforms) = postSolution
		{E6F74B2A-73CB-4CD6-A027-F2B3AC74A31F}.Debug|Any CPU.ActiveCfg = Debug|Any CPU
		{E6F74B2A-73CB-4CD6-A027-F2B3AC74A31F}.Debug|Any CPU.Build.0 = Debug|Any CPU
		{E6F74B2A-73CB-4CD6-A027-F2B3AC74A31F}.Release|Any CPU.ActiveCfg = Release|Any CPU
		{E6F74B2A-73CB-4CD6-A027-F2B3AC74A31F}.Release|Any CPU.Build.0 = Release|Any CPU
		{7879CFF4-6A01-4744-BB91-9369A22CC97D}.Debug|Any CPU.ActiveCfg = Debug|Any CPU
		{7879CFF4-6A01-4744-BB91-9369A22CC97D}.Debug|Any CPU.Build.0 = Debug|Any CPU
		{7879CFF4-6A01-4744-BB91-9369A22CC97D}.Release|Any CPU.ActiveCfg = Release|Any CPU
		{7879CFF4-6A01-4744-BB91-9369A22CC97D}.Release|Any CPU.Build.0 = Release|Any CPU
		{AF8E8478-1A23-4BE8-A5DA-79DD6E0C4AA7}.Debug|Any CPU.ActiveCfg = Debug|Any CPU
		{AF8E8478-1A23-4BE8-A5DA-79DD6E0C4AA7}.Debug|Any CPU.Build.0 = Debug|Any CPU
		{AF8E8478-1A23-4BE8-A5DA-79DD6E0C4AA7}.Release|Any CPU.ActiveCfg = Release|Any CPU
		{AF8E8478-1A23-4BE8-A5DA-79DD6E0C4AA7}.Release|Any CPU.Build.0 = Release|Any CPU
		{EBDD8B62-1D57-4FE1-AA03-826CB1188447}.Debug|Any CPU.ActiveCfg = Debug|Any CPU
		{EBDD8B62-1D57-4FE1-AA03-826CB1188447}.Debug|Any CPU.Build.0 = Debug|Any CPU
		{EBDD8B62-1D57-4FE1-AA03-826CB1188447}.Release|Any CPU.ActiveCfg = Release|Any CPU
		{EBDD8B62-1D57-4FE1-AA03-826CB1188447}.Release|Any CPU.Build.0 = Release|Any CPU
		{600F6AEC-8F72-497B-BC25-50090468EF7D}.Debug|Any CPU.ActiveCfg = Debug|Any CPU
		{600F6AEC-8F72-497B-BC25-50090468EF7D}.Debug|Any CPU.Build.0 = Debug|Any CPU
		{600F6AEC-8F72-497B-BC25-50090468EF7D}.Release|Any CPU.ActiveCfg = Release|Any CPU
		{600F6AEC-8F72-497B-BC25-50090468EF7D}.Release|Any CPU.Build.0 = Release|Any CPU
	EndGlobalSection
EndGlobal
