
Microsoft Visual Studio Solution File, Format Version 12.00
Project("{FAE04EC0-301F-11D3-BF4B-00C04F79EFBC}") = "_01DiagonalDifference", "_01DiagonalDifference\_01DiagonalDifference.csproj", "{CB2B8ED8-370C-4AAB-8A63-109BBD719813}"
EndProject
Project("{FAE04EC0-301F-11D3-BF4B-00C04F79EFBC}") = "_02_2X2SquaresInMatrix", "_02_2X2SquaresInMatrix\_02_2X2SquaresInMatrix.csproj", "{06FA1E42-E792-4506-AE84-285B3C5EDC95}"
EndProject
Project("{FAE04EC0-301F-11D3-BF4B-00C04F79EFBC}") = "_03MaximalSum", "_03MaximalSum\_03MaximalSum.csproj", "{43FD4C32-F34A-4A68-9649-DAB113A7D8D3}"
EndProject
Project("{FAE04EC0-301F-11D3-BF4B-00C04F79EFBC}") = "_04MatrixShuffling", "_04MatrixShuffling\_04MatrixShuffling.csproj", "{DE00636B-5A79-4F0A-A1F9-2C5D0BCE07EB}"
EndProject
Project("{FAE04EC0-301F-11D3-BF4B-00C04F79EFBC}") = "_05SnakeMoves", "_05SnakeMoves\_05SnakeMoves.csproj", "{6CE36351-4649-4871-AAB3-433E9067274E}"
EndProject
Project("{FAE04EC0-301F-11D3-BF4B-00C04F79EFBC}") = "_06JaggedArrayManipulator", "_06JaggedArrayManipulator\_06JaggedArrayManipulator.csproj", "{890547F3-11AD-4F7C-B0C1-D9DDCA8A9D01}"
EndProject
Project("{FAE04EC0-301F-11D3-BF4B-00C04F79EFBC}") = "_08Bombs", "_08Bombs\_08Bombs.csproj", "{85043B50-B6C0-4534-B7EC-0AE6D5CC46FC}"
EndProject
Global
	GlobalSection(SolutionConfigurationPlatforms) = preSolution
		Debug|Any CPU = Debug|Any CPU
		Release|Any CPU = Release|Any CPU
	EndGlobalSection
	GlobalSection(ProjectConfigurationPlatforms) = postSolution
		{CB2B8ED8-370C-4AAB-8A63-109BBD719813}.Debug|Any CPU.ActiveCfg = Debug|Any CPU
		{CB2B8ED8-370C-4AAB-8A63-109BBD719813}.Debug|Any CPU.Build.0 = Debug|Any CPU
		{CB2B8ED8-370C-4AAB-8A63-109BBD719813}.Release|Any CPU.ActiveCfg = Release|Any CPU
		{CB2B8ED8-370C-4AAB-8A63-109BBD719813}.Release|Any CPU.Build.0 = Release|Any CPU
		{06FA1E42-E792-4506-AE84-285B3C5EDC95}.Debug|Any CPU.ActiveCfg = Debug|Any CPU
		{06FA1E42-E792-4506-AE84-285B3C5EDC95}.Debug|Any CPU.Build.0 = Debug|Any CPU
		{06FA1E42-E792-4506-AE84-285B3C5EDC95}.Release|Any CPU.ActiveCfg = Release|Any CPU
		{06FA1E42-E792-4506-AE84-285B3C5EDC95}.Release|Any CPU.Build.0 = Release|Any CPU
		{43FD4C32-F34A-4A68-9649-DAB113A7D8D3}.Debug|Any CPU.ActiveCfg = Debug|Any CPU
		{43FD4C32-F34A-4A68-9649-DAB113A7D8D3}.Debug|Any CPU.Build.0 = Debug|Any CPU
		{43FD4C32-F34A-4A68-9649-DAB113A7D8D3}.Release|Any CPU.ActiveCfg = Release|Any CPU
		{43FD4C32-F34A-4A68-9649-DAB113A7D8D3}.Release|Any CPU.Build.0 = Release|Any CPU
		{DE00636B-5A79-4F0A-A1F9-2C5D0BCE07EB}.Debug|Any CPU.ActiveCfg = Debug|Any CPU
		{DE00636B-5A79-4F0A-A1F9-2C5D0BCE07EB}.Debug|Any CPU.Build.0 = Debug|Any CPU
		{DE00636B-5A79-4F0A-A1F9-2C5D0BCE07EB}.Release|Any CPU.ActiveCfg = Release|Any CPU
		{DE00636B-5A79-4F0A-A1F9-2C5D0BCE07EB}.Release|Any CPU.Build.0 = Release|Any CPU
		{6CE36351-4649-4871-AAB3-433E9067274E}.Debug|Any CPU.ActiveCfg = Debug|Any CPU
		{6CE36351-4649-4871-AAB3-433E9067274E}.Debug|Any CPU.Build.0 = Debug|Any CPU
		{6CE36351-4649-4871-AAB3-433E9067274E}.Release|Any CPU.ActiveCfg = Release|Any CPU
		{6CE36351-4649-4871-AAB3-433E9067274E}.Release|Any CPU.Build.0 = Release|Any CPU
		{890547F3-11AD-4F7C-B0C1-D9DDCA8A9D01}.Debug|Any CPU.ActiveCfg = Debug|Any CPU
		{890547F3-11AD-4F7C-B0C1-D9DDCA8A9D01}.Debug|Any CPU.Build.0 = Debug|Any CPU
		{890547F3-11AD-4F7C-B0C1-D9DDCA8A9D01}.Release|Any CPU.ActiveCfg = Release|Any CPU
		{890547F3-11AD-4F7C-B0C1-D9DDCA8A9D01}.Release|Any CPU.Build.0 = Release|Any CPU
		{85043B50-B6C0-4534-B7EC-0AE6D5CC46FC}.Debug|Any CPU.ActiveCfg = Debug|Any CPU
		{85043B50-B6C0-4534-B7EC-0AE6D5CC46FC}.Debug|Any CPU.Build.0 = Debug|Any CPU
		{85043B50-B6C0-4534-B7EC-0AE6D5CC46FC}.Release|Any CPU.ActiveCfg = Release|Any CPU
		{85043B50-B6C0-4534-B7EC-0AE6D5CC46FC}.Release|Any CPU.Build.0 = Release|Any CPU
	EndGlobalSection
EndGlobal
