
Microsoft Visual Studio Solution File, Format Version 12.00
Project("{FAE04EC0-301F-11D3-BF4B-00C04F79EFBC}") = "Shoot_for_the_Win 02", "Shoot_for_the_Win 02.csproj", "{D9423BC4-7160-4BB0-B32D-7D53A2BEEEE6}"
EndProject
Global
	GlobalSection(SolutionConfigurationPlatforms) = preSolution
		Debug|Any CPU = Debug|Any CPU
		Release|Any CPU = Release|Any CPU
	EndGlobalSection
	GlobalSection(ProjectConfigurationPlatforms) = postSolution
		{D9423BC4-7160-4BB0-B32D-7D53A2BEEEE6}.Debug|Any CPU.ActiveCfg = Debug|Any CPU
		{D9423BC4-7160-4BB0-B32D-7D53A2BEEEE6}.Debug|Any CPU.Build.0 = Debug|Any CPU
		{D9423BC4-7160-4BB0-B32D-7D53A2BEEEE6}.Release|Any CPU.ActiveCfg = Release|Any CPU
		{D9423BC4-7160-4BB0-B32D-7D53A2BEEEE6}.Release|Any CPU.Build.0 = Release|Any CPU
	EndGlobalSection
EndGlobal
