
Microsoft Visual Studio Solution File, Format Version 12.00
Project("{FAE04EC0-301F-11D3-BF4B-00C04F79EFBC}") = "SoftUniBarIncome03", "SoftUniBarIncome03.csproj", "{044B6F9C-A6EB-4CEB-8320-A5C01736F561}"
EndProject
Global
	GlobalSection(SolutionConfigurationPlatforms) = preSolution
		Debug|Any CPU = Debug|Any CPU
		Release|Any CPU = Release|Any CPU
	EndGlobalSection
	GlobalSection(ProjectConfigurationPlatforms) = postSolution
		{044B6F9C-A6EB-4CEB-8320-A5C01736F561}.Debug|Any CPU.ActiveCfg = Debug|Any CPU
		{044B6F9C-A6EB-4CEB-8320-A5C01736F561}.Debug|Any CPU.Build.0 = Debug|Any CPU
		{044B6F9C-A6EB-4CEB-8320-A5C01736F561}.Release|Any CPU.ActiveCfg = Release|Any CPU
		{044B6F9C-A6EB-4CEB-8320-A5C01736F561}.Release|Any CPU.Build.0 = Release|Any CPU
	EndGlobalSection
EndGlobal
