
Microsoft Visual Studio Solution File, Format Version 12.00
Project("{FAE04EC0-301F-11D3-BF4B-00C04F79EFBC}") = "Snowballs 11", "Snowballs 11.csproj", "{A12AC81C-8CAF-4F8A-8207-4C0B95CA95B8}"
EndProject
Global
	GlobalSection(SolutionConfigurationPlatforms) = preSolution
		Debug|Any CPU = Debug|Any CPU
		Release|Any CPU = Release|Any CPU
	EndGlobalSection
	GlobalSection(ProjectConfigurationPlatforms) = postSolution
		{A12AC81C-8CAF-4F8A-8207-4C0B95CA95B8}.Debug|Any CPU.ActiveCfg = Debug|Any CPU
		{A12AC81C-8CAF-4F8A-8207-4C0B95CA95B8}.Debug|Any CPU.Build.0 = Debug|Any CPU
		{A12AC81C-8CAF-4F8A-8207-4C0B95CA95B8}.Release|Any CPU.ActiveCfg = Release|Any CPU
		{A12AC81C-8CAF-4F8A-8207-4C0B95CA95B8}.Release|Any CPU.Build.0 = Release|Any CPU
	EndGlobalSection
EndGlobal
