
Microsoft Visual Studio Solution File, Format Version 12.00
Project("{FAE04EC0-301F-11D3-BF4B-00C04F79EFBC}") = "Spice_Must_Flow 09", "Spice_Must_Flow 09.csproj", "{0F8B3FFE-22B6-4FDC-9372-E23C875182DA}"
EndProject
Global
	GlobalSection(SolutionConfigurationPlatforms) = preSolution
		Debug|Any CPU = Debug|Any CPU
		Release|Any CPU = Release|Any CPU
	EndGlobalSection
	GlobalSection(ProjectConfigurationPlatforms) = postSolution
		{0F8B3FFE-22B6-4FDC-9372-E23C875182DA}.Debug|Any CPU.ActiveCfg = Debug|Any CPU
		{0F8B3FFE-22B6-4FDC-9372-E23C875182DA}.Debug|Any CPU.Build.0 = Debug|Any CPU
		{0F8B3FFE-22B6-4FDC-9372-E23C875182DA}.Release|Any CPU.ActiveCfg = Release|Any CPU
		{0F8B3FFE-22B6-4FDC-9372-E23C875182DA}.Release|Any CPU.Build.0 = Release|Any CPU
	EndGlobalSection
EndGlobal
