
Microsoft Visual Studio Solution File, Format Version 12.00
Project("{FAE04EC0-301F-11D3-BF4B-00C04F79EFBC}") = "House_Party 03", "House_Party 03.csproj", "{C599CE10-E6FE-49CC-8192-C4DE2C534E79}"
EndProject
Global
	GlobalSection(SolutionConfigurationPlatforms) = preSolution
		Debug|Any CPU = Debug|Any CPU
		Release|Any CPU = Release|Any CPU
	EndGlobalSection
	GlobalSection(ProjectConfigurationPlatforms) = postSolution
		{C599CE10-E6FE-49CC-8192-C4DE2C534E79}.Debug|Any CPU.ActiveCfg = Debug|Any CPU
		{C599CE10-E6FE-49CC-8192-C4DE2C534E79}.Debug|Any CPU.Build.0 = Debug|Any CPU
		{C599CE10-E6FE-49CC-8192-C4DE2C534E79}.Release|Any CPU.ActiveCfg = Release|Any CPU
		{C599CE10-E6FE-49CC-8192-C4DE2C534E79}.Release|Any CPU.Build.0 = Release|Any CPU
	EndGlobalSection
EndGlobal
