
Microsoft Visual Studio Solution File, Format Version 12.00
Project("{FAE04EC0-301F-11D3-BF4B-00C04F79EFBC}") = "ClassBoxData", "ClassBoxData\ClassBoxData.csproj", "{75C8B6D1-45C5-484D-A9AB-7ACFE9C77E43}"
EndProject
Project("{FAE04EC0-301F-11D3-BF4B-00C04F79EFBC}") = "AnimalFarm", "AnimalFarm\AnimalFarm.csproj", "{11D381B0-C6C8-4759-89AC-9708F248BB0F}"
EndProject
Project("{FAE04EC0-301F-11D3-BF4B-00C04F79EFBC}") = "ShoppingSpree", "ShoppingSpree\ShoppingSpree.csproj", "{5D4614B7-4C93-468A-9722-4FF516FCDD51}"
EndProject
Global
	GlobalSection(SolutionConfigurationPlatforms) = preSolution
		Debug|Any CPU = Debug|Any CPU
		Release|Any CPU = Release|Any CPU
	EndGlobalSection
	GlobalSection(ProjectConfigurationPlatforms) = postSolution
		{75C8B6D1-45C5-484D-A9AB-7ACFE9C77E43}.Debug|Any CPU.ActiveCfg = Debug|Any CPU
		{75C8B6D1-45C5-484D-A9AB-7ACFE9C77E43}.Debug|Any CPU.Build.0 = Debug|Any CPU
		{75C8B6D1-45C5-484D-A9AB-7ACFE9C77E43}.Release|Any CPU.ActiveCfg = Release|Any CPU
		{75C8B6D1-45C5-484D-A9AB-7ACFE9C77E43}.Release|Any CPU.Build.0 = Release|Any CPU
		{11D381B0-C6C8-4759-89AC-9708F248BB0F}.Debug|Any CPU.ActiveCfg = Debug|Any CPU
		{11D381B0-C6C8-4759-89AC-9708F248BB0F}.Debug|Any CPU.Build.0 = Debug|Any CPU
		{11D381B0-C6C8-4759-89AC-9708F248BB0F}.Release|Any CPU.ActiveCfg = Release|Any CPU
		{11D381B0-C6C8-4759-89AC-9708F248BB0F}.Release|Any CPU.Build.0 = Release|Any CPU
		{5D4614B7-4C93-468A-9722-4FF516FCDD51}.Debug|Any CPU.ActiveCfg = Debug|Any CPU
		{5D4614B7-4C93-468A-9722-4FF516FCDD51}.Debug|Any CPU.Build.0 = Debug|Any CPU
		{5D4614B7-4C93-468A-9722-4FF516FCDD51}.Release|Any CPU.ActiveCfg = Release|Any CPU
		{5D4614B7-4C93-468A-9722-4FF516FCDD51}.Release|Any CPU.Build.0 = Release|Any CPU
	EndGlobalSection
EndGlobal
