
Microsoft Visual Studio Solution File, Format Version 12.00
Project("{FAE04EC0-301F-11D3-BF4B-00C04F79EFBC}") = "Problem 2", "Problem 2.csproj", "{69B085A5-ECCE-470D-9E05-98D6BD97795E}"
EndProject
Global
	GlobalSection(SolutionConfigurationPlatforms) = preSolution
		Debug|Any CPU = Debug|Any CPU
		Release|Any CPU = Release|Any CPU
	EndGlobalSection
	GlobalSection(ProjectConfigurationPlatforms) = postSolution
		{69B085A5-ECCE-470D-9E05-98D6BD97795E}.Debug|Any CPU.ActiveCfg = Debug|Any CPU
		{69B085A5-ECCE-470D-9E05-98D6BD97795E}.Debug|Any CPU.Build.0 = Debug|Any CPU
		{69B085A5-ECCE-470D-9E05-98D6BD97795E}.Release|Any CPU.ActiveCfg = Release|Any CPU
		{69B085A5-ECCE-470D-9E05-98D6BD97795E}.Release|Any CPU.Build.0 = Release|Any CPU
	EndGlobalSection
EndGlobal
