
Microsoft Visual Studio Solution File, Format Version 12.00
Project("{FAE04EC0-301F-11D3-BF4B-00C04F79EFBC}") = "ThePianist 03", "ThePianist 03.csproj", "{ED797EAD-B6EC-4ACF-951E-BAB9D4117CC0}"
EndProject
Global
	GlobalSection(SolutionConfigurationPlatforms) = preSolution
		Debug|Any CPU = Debug|Any CPU
		Release|Any CPU = Release|Any CPU
	EndGlobalSection
	GlobalSection(ProjectConfigurationPlatforms) = postSolution
		{ED797EAD-B6EC-4ACF-951E-BAB9D4117CC0}.Debug|Any CPU.ActiveCfg = Debug|Any CPU
		{ED797EAD-B6EC-4ACF-951E-BAB9D4117CC0}.Debug|Any CPU.Build.0 = Debug|Any CPU
		{ED797EAD-B6EC-4ACF-951E-BAB9D4117CC0}.Release|Any CPU.ActiveCfg = Release|Any CPU
		{ED797EAD-B6EC-4ACF-951E-BAB9D4117CC0}.Release|Any CPU.Build.0 = Release|Any CPU
	EndGlobalSection
EndGlobal
