
Microsoft Visual Studio Solution File, Format Version 12.00
Project("{FAE04EC0-301F-11D3-BF4B-00C04F79EFBC}") = "Sum_of_Chars 04", "Sum_of_Chars 04.csproj", "{9C407BE6-8B98-4198-ADD7-1E0180A56200}"
EndProject
Global
	GlobalSection(SolutionConfigurationPlatforms) = preSolution
		Debug|Any CPU = Debug|Any CPU
		Release|Any CPU = Release|Any CPU
	EndGlobalSection
	GlobalSection(ProjectConfigurationPlatforms) = postSolution
		{9C407BE6-8B98-4198-ADD7-1E0180A56200}.Debug|Any CPU.ActiveCfg = Debug|Any CPU
		{9C407BE6-8B98-4198-ADD7-1E0180A56200}.Debug|Any CPU.Build.0 = Debug|Any CPU
		{9C407BE6-8B98-4198-ADD7-1E0180A56200}.Release|Any CPU.ActiveCfg = Release|Any CPU
		{9C407BE6-8B98-4198-ADD7-1E0180A56200}.Release|Any CPU.Build.0 = Release|Any CPU
	EndGlobalSection
EndGlobal
