
Microsoft Visual Studio Solution File, Format Version 12.00
Project("{FAE04EC0-301F-11D3-BF4B-00C04F79EFBC}") = "Anonymous_Threat 08", "Anonymous_Threat 08.csproj", "{E0BD5CAF-2445-4529-97F3-20D1114D2D79}"
EndProject
Global
	GlobalSection(SolutionConfigurationPlatforms) = preSolution
		Debug|Any CPU = Debug|Any CPU
		Release|Any CPU = Release|Any CPU
	EndGlobalSection
	GlobalSection(ProjectConfigurationPlatforms) = postSolution
		{E0BD5CAF-2445-4529-97F3-20D1114D2D79}.Debug|Any CPU.ActiveCfg = Debug|Any CPU
		{E0BD5CAF-2445-4529-97F3-20D1114D2D79}.Debug|Any CPU.Build.0 = Debug|Any CPU
		{E0BD5CAF-2445-4529-97F3-20D1114D2D79}.Release|Any CPU.ActiveCfg = Release|Any CPU
		{E0BD5CAF-2445-4529-97F3-20D1114D2D79}.Release|Any CPU.Build.0 = Release|Any CPU
	EndGlobalSection
EndGlobal
