
Microsoft Visual Studio Solution File, Format Version 12.00
Project("{FAE04EC0-301F-11D3-BF4B-00C04F79EFBC}") = "TheImitationGame 01", "TheImitationGame 01.csproj", "{4E6E4888-C630-4150-AC25-A30BD37B7876}"
EndProject
Global
	GlobalSection(SolutionConfigurationPlatforms) = preSolution
		Debug|Any CPU = Debug|Any CPU
		Release|Any CPU = Release|Any CPU
	EndGlobalSection
	GlobalSection(ProjectConfigurationPlatforms) = postSolution
		{4E6E4888-C630-4150-AC25-A30BD37B7876}.Debug|Any CPU.ActiveCfg = Debug|Any CPU
		{4E6E4888-C630-4150-AC25-A30BD37B7876}.Debug|Any CPU.Build.0 = Debug|Any CPU
		{4E6E4888-C630-4150-AC25-A30BD37B7876}.Release|Any CPU.ActiveCfg = Release|Any CPU
		{4E6E4888-C630-4150-AC25-A30BD37B7876}.Release|Any CPU.Build.0 = Release|Any CPU
	EndGlobalSection
EndGlobal
