
Microsoft Visual Studio Solution File, Format Version 12.00
Project("{FAE04EC0-301F-11D3-BF4B-00C04F79EFBC}") = "Print_and_Sum 04", "Print_and_Sum 04.csproj", "{CED9FD07-DBA4-4EC5-B834-2FBE6F2A9C69}"
EndProject
Global
	GlobalSection(SolutionConfigurationPlatforms) = preSolution
		Debug|Any CPU = Debug|Any CPU
		Release|Any CPU = Release|Any CPU
	EndGlobalSection
	GlobalSection(ProjectConfigurationPlatforms) = postSolution
		{CED9FD07-DBA4-4EC5-B834-2FBE6F2A9C69}.Debug|Any CPU.ActiveCfg = Debug|Any CPU
		{CED9FD07-DBA4-4EC5-B834-2FBE6F2A9C69}.Debug|Any CPU.Build.0 = Debug|Any CPU
		{CED9FD07-DBA4-4EC5-B834-2FBE6F2A9C69}.Release|Any CPU.ActiveCfg = Release|Any CPU
		{CED9FD07-DBA4-4EC5-B834-2FBE6F2A9C69}.Release|Any CPU.Build.0 = Release|Any CPU
	EndGlobalSection
EndGlobal
