
Microsoft Visual Studio Solution File, Format Version 12.00
Project("{FAE04EC0-301F-11D3-BF4B-00C04F79EFBC}") = "_01EvenLines", "_01EvenLines\_01EvenLines.csproj", "{14B0DD53-6DAD-450B-8AB5-2FF30A782D53}"
EndProject
Project("{FAE04EC0-301F-11D3-BF4B-00C04F79EFBC}") = "_02LineNumbers", "_02LineNumbers\_02LineNumbers.csproj", "{9CC551D0-F14F-4F93-9901-6FDEE7A38A86}"
EndProject
Global
	GlobalSection(SolutionConfigurationPlatforms) = preSolution
		Debug|Any CPU = Debug|Any CPU
		Release|Any CPU = Release|Any CPU
	EndGlobalSection
	GlobalSection(ProjectConfigurationPlatforms) = postSolution
		{14B0DD53-6DAD-450B-8AB5-2FF30A782D53}.Debug|Any CPU.ActiveCfg = Debug|Any CPU
		{14B0DD53-6DAD-450B-8AB5-2FF30A782D53}.Debug|Any CPU.Build.0 = Debug|Any CPU
		{14B0DD53-6DAD-450B-8AB5-2FF30A782D53}.Release|Any CPU.ActiveCfg = Release|Any CPU
		{14B0DD53-6DAD-450B-8AB5-2FF30A782D53}.Release|Any CPU.Build.0 = Release|Any CPU
		{9CC551D0-F14F-4F93-9901-6FDEE7A38A86}.Debug|Any CPU.ActiveCfg = Debug|Any CPU
		{9CC551D0-F14F-4F93-9901-6FDEE7A38A86}.Debug|Any CPU.Build.0 = Debug|Any CPU
		{9CC551D0-F14F-4F93-9901-6FDEE7A38A86}.Release|Any CPU.ActiveCfg = Release|Any CPU
		{9CC551D0-F14F-4F93-9901-6FDEE7A38A86}.Release|Any CPU.Build.0 = Release|Any CPU
	EndGlobalSection
EndGlobal
